PODS:
  - Emojimap (0.1.3)
  - Google-Mobile-Ads-SDK (7.60.0):
    - GoogleAppMeasurement (~> 6.0)
  - GoogleAppMeasurement (6.5.1):
    - GoogleUtilities/AppDelegateSwizzler (~> 6.0)
    - GoogleUtilities/MethodSwizzler (~> 6.0)
    - GoogleUtilities/Network (~> 6.0)
    - "GoogleUtilities/NSData+zlib (~> 6.0)"
    - nanopb (~> 1.30905.0)
  - GoogleUtilities/AppDelegateSwizzler (6.6.0):
    - GoogleUtilities/Environment
    - GoogleUtilities/Logger
    - GoogleUtilities/Network
  - GoogleUtilities/Environment (6.6.0):
    - PromisesObjC (~> 1.2)
  - GoogleUtilities/Logger (6.6.0):
    - GoogleUtilities/Environment
  - GoogleUtilities/MethodSwizzler (6.6.0):
    - GoogleUtilities/Logger
  - GoogleUtilities/Network (6.6.0):
    - GoogleUtilities/Logger
    - "GoogleUtilities/NSData+zlib"
    - GoogleUtilities/Reachability
  - "GoogleUtilities/NSData+zlib (6.6.0)"
  - GoogleUtilities/Reachability (6.6.0):
    - GoogleUtilities/Logger
  - iOSDropDown (0.3.4)
  - MarqueeLabel (4.0.2)
  - nanopb (1.30905.0):
    - nanopb/decode (= 1.30905.0)
    - nanopb/encode (= 1.30905.0)
  - nanopb/decode (1.30905.0)
  - nanopb/encode (1.30905.0)
  - NotificationBannerSwift (3.0.2):
    - MarqueeLabel (~> 4.0.0)
    - SnapKit (~> 5.0.0)
  - PersonalizedAdConsent (1.0.5)
  - PromisesObjC (1.2.8)
  - SnapKit (5.0.1)
  - SwiftyStoreKit (0.15.0)

DEPENDENCIES:
  - Emojimap
  - Google-Mobile-Ads-SDK
  - iOSDropDown
  - NotificationBannerSwift
  - PersonalizedAdConsent
  - SwiftyStoreKit

SPEC REPOS:
  https://github.com/cocoapods/specs.git:
    - Emojimap
    - Google-Mobile-Ads-SDK
    - GoogleAppMeasurement
    - GoogleUtilities
    - iOSDropDown
    - MarqueeLabel
    - nanopb
    - NotificationBannerSwift
    - PersonalizedAdConsent
    - PromisesObjC
    - SnapKit
    - SwiftyStoreKit

SPEC CHECKSUMS:
  Emojimap: 18b89be727fe5e718272026b140622a7d5ed099d
  Google-Mobile-Ads-SDK: d70efb31e7ea19fe99d466dc5d4788966b6914f8
  GoogleAppMeasurement: 137afe68bfa406c3f4221b9395253d9e5d4654cf
  GoogleUtilities: 39530bc0ad980530298e9c4af8549e991fd033b1
  iOSDropDown: c10a761f9a00c3f1cc9d3bce43ae504628e2f692
  MarqueeLabel: f762aa681ae201f66c1d511858b171f75d83013a
  nanopb: c43f40fadfe79e8b8db116583945847910cbabc9
  NotificationBannerSwift: 713e20f21b6105f4a36a00e5d9fa414a930d3d8e
  PersonalizedAdConsent: dbecabb3467df967c16d9cebc2ef4a8890e4bbd8
  PromisesObjC: c119f3cd559f50b7ae681fa59dc1acd19173b7e6
  SnapKit: 97b92857e3df3a0c71833cce143274bf6ef8e5eb
  SwiftyStoreKit: 033d06b6f87955405d3f844a18a7687c2438592a

PODFILE CHECKSUM: 0a242e82d78e2012c19ed014cf02caeeb6e73d5a

COCOAPODS: 1.5.2
